PODS:
  - AFNetworking (3.1.0):
    - AFNetworking/NSURLSession (= 3.1.0)
    - AFNetworking/Reachability (= 3.1.0)
    - AFNetworking/Security (= 3.1.0)
    - AFNetworking/Serialization (= 3.1.0)
    - AFNetworking/UIKit (= 3.1.0)
  - AFNetworking/NSURLSession (3.1.0):
    - AFNetworking/Reachability
    - AFNetworking/Security
    - AFNetworking/Serialization
  - AFNetworking/Reachability (3.1.0)
  - AFNetworking/Security (3.1.0)
  - AFNetworking/Serialization (3.1.0)
  - AFNetworking/UIKit (3.1.0):
    - AFNetworking/NSURLSession
  - MBProgressHUD (1.0.0)
  - POPLib (0.2.32):
    - MBProgressHUD (~> 1.0)
    - PureLayout
  - POPupSidebar (0.1.41):
    - AFNetworking
    - POPLib (~> 0.1)
  - PureLayout (3.0.2)

DEPENDENCIES:
  - POPupSidebar (from `../`)

EXTERNAL SOURCES:
  POPupSidebar:
    :path: ../

SPEC CHECKSUMS:
  AFNetworking: 5e0e199f73d8626b11e79750991f5d173d1f8b67
  MBProgressHUD: 4890f671c94e8a0f3cf959aa731e9de2f036d71a
  POPLib: 1332f3ae69af62226e06589d44bc56909a87df69
  POPupSidebar: fb453a54ad4e906e4e8a4592cf1915eb303059aa
  PureLayout: 4d550abe49a94f24c2808b9b95db9131685fe4cd

PODFILE CHECKSUM: 075b2da8f0fa922e689368cfc67ff3b04444013d

COCOAPODS: 1.3.1
